
Microsoft Visual Studio Solution File, Format Version 12.00
# Visual Studio Version 17
VisualStudioVersion = 17.9.34728.123
MinimumVisualStudioVersion = 10.0.40219.1
Project("{FAE04EC0-301F-11D3-BF4B-00C04F79EFBC}") = "ControleEstoqueApp", "ControleEstoqueApp\ControleEstoqueApp.csproj", "{18F92086-97C2-4BB4-B9C4-89C101C1E7B2}"
EndProject
Global
	GlobalSection(SolutionConfigurationPlatforms) = preSolution
		Debug|Any CPU = Debug|Any CPU
		Release|Any CPU = Release|Any CPU
	EndGlobalSection
	GlobalSection(ProjectConfigurationPlatforms) = postSolution
		{18F92086-97C2-4BB4-B9C4-89C101C1E7B2}.Debug|Any CPU.ActiveCfg = Debug|Any CPU
		{18F92086-97C2-4BB4-B9C4-89C101C1E7B2}.Debug|Any CPU.Build.0 = Debug|Any CPU
		{18F92086-97C2-4BB4-B9C4-89C101C1E7B2}.Release|Any CPU.ActiveCfg = Release|Any CPU
		{18F92086-97C2-4BB4-B9C4-89C101C1E7B2}.Release|Any CPU.Build.0 = Release|Any CPU
	EndGlobalSection
	GlobalSection(SolutionProperties) = preSolution
		HideSolutionNode = FALSE
	EndGlobalSection
	GlobalSection(ExtensibilityGlobals) = postSolution
		SolutionGuid = {F14BDE51-26E0-4398-ACCE-01C20E159F7F}
	EndGlobalSection
EndGlobal
